
Microsoft Visual Studio Solution File, Format Version 12.00
# Visual Studio Version 16
VisualStudioVersion = 16.0.32630.194
MinimumVisualStudioVersion = 10.0.40219.1
Project("{9A19103F-16F7-4668-BE54-9A1E7A4F7556}") = "WebServer", "WebServer\WebServer.csproj", "{EAE9EF0A-F510-4133-879F-30D52185A6BE}"
EndProject
Global
	GlobalSection(SolutionConfigurationPlatforms) = preSolution
		Debug|Any CPU = Debug|Any CPU
		Release|Any CPU = Release|Any CPU
	EndGlobalSection
	GlobalSection(ProjectConfigurationPlatforms) = postSolution
		{EAE9EF0A-F510-4133-879F-30D52185A6BE}.Debug|Any CPU.ActiveCfg = Debug|Any CPU
		{EAE9EF0A-F510-4133-879F-30D52185A6BE}.Debug|Any CPU.Build.0 = Debug|Any CPU
		{EAE9EF0A-F510-4133-879F-30D52185A6BE}.Release|Any CPU.ActiveCfg = Release|Any CPU
		{EAE9EF0A-F510-4133-879F-30D52185A6BE}.Release|Any CPU.Build.0 = Release|Any CPU
	EndGlobalSection
	GlobalSection(SolutionProperties) = preSolution
		HideSolutionNode = FALSE
	EndGlobalSection
	GlobalSection(ExtensibilityGlobals) = postSolution
		SolutionGuid = {A6753CE5-9F2C-4F5E-9715-CE24671A9A3D}
	EndGlobalSection
EndGlobal
